schema: '2.0'
stages:
  data-collection:
    cmd: python src/data-collection.py
    deps:
    - path: src/data-collection.py
      hash: md5
      md5: ba80ed6900bbc2ad2af0c543bbdccf36
      size: 1583
    params:
      params.yaml:
        data-collection.test_size: 0.1
    outs:
    - path: data/raw
      hash: md5
      md5: 3c46582a92890c4a21f56009a69e1bc4.dir
      size: 522262
      nfiles: 2
  data-preprocessing:
    cmd: python src/data-prep.py
    deps:
    - path: data/raw
      hash: md5
      md5: 3c46582a92890c4a21f56009a69e1bc4.dir
      size: 522262
      nfiles: 2
    - path: src/data-prep.py
      hash: md5
      md5: cd8ede368ca4d2e8df8dca34dd66e6e9
      size: 1475
    outs:
    - path: data/processed
      hash: md5
      md5: ee5670c7f612c9fd3fe518a578976a51.dir
      size: 546385
      nfiles: 2
  model-building:
    cmd: python src/model-building.py
    deps:
    - path: data/processed
      hash: md5
      md5: ee5670c7f612c9fd3fe518a578976a51.dir
      size: 546385
      nfiles: 2
    - path: src/model-building.py
      hash: md5
      md5: 488542caddf6cbc5088215cd5db95a34
      size: 760
    params:
      params.yaml:
        model-building.n_estimators: 300
    outs:
    - path: random_forest_model.pkl
      hash: md5
      md5: 582002735f537797daa401924102f193
      size: 24666548
  model-eval:
    cmd: python src/model-eval.py
    deps:
    - path: random_forest_model.pkl
      hash: md5
      md5: 582002735f537797daa401924102f193
      size: 24666548
    - path: src/model-eval.py
      hash: md5
      md5: 439ee029f04de55b56069cb5d6413512
      size: 782
    outs:
    - path: model_evaluation_metrics.json
      hash: md5
      md5: 85b30e4162dc0b8d3476c78c2ffdaedb
      size: 150
