schema: '2.0'
stages:
  data-collection:
    cmd: python src/data/data-collection.py
    deps:
    - path: src/data/data-collection.py
      hash: md5
      md5: d51770861af0f2cbff5befbfb059ac8e
      size: 1588
    params:
      params.yaml:
        data-collection.test_size: 0.2
    outs:
    - path: data/raw
      hash: md5
      md5: c0c2d65c14a603e91e029fda3c344a5c.dir
      size: 522262
      nfiles: 2
  data-preprocessing:
    cmd: python src/data/data-prep.py
    deps:
    - path: data/raw
      hash: md5
      md5: c0c2d65c14a603e91e029fda3c344a5c.dir
      size: 522262
      nfiles: 2
    - path: src/data/data-prep.py
      hash: md5
      md5: cd8ede368ca4d2e8df8dca34dd66e6e9
      size: 1475
    outs:
    - path: data/processed
      hash: md5
      md5: 09d7d1468d5c1e6739769af7e3154438.dir
      size: 546137
      nfiles: 2
  model-building:
    cmd: python src/model/model-building.py
    deps:
    - path: data/processed
      hash: md5
      md5: 09d7d1468d5c1e6739769af7e3154438.dir
      size: 546137
      nfiles: 2
    - path: src/model/model-building.py
      hash: md5
      md5: 539ae725c5da4a86812d4d206ee88bfd
      size: 1369
    params:
      params.yaml:
        model-building.n_estimators: 500
    outs:
    - path: models/random_forest_model.pkl
      hash: md5
      md5: 4fedb815ccebed514a5bc1e7b4f25e2c
      size: 36659508
  model-eval:
    cmd: python src/model/model-eval.py
    deps:
    - path: models/random_forest_model.pkl
      hash: md5
      md5: 4fedb815ccebed514a5bc1e7b4f25e2c
      size: 36659508
    - path: src/model/model-eval.py
      hash: md5
      md5: 471d4f9fae08babafcc650c2cb7be315
      size: 2151
    outs:
    - path: reports/model_evaluation_metrics.json
      hash: md5
      md5: 81d43399746caae717d325c7402d36c1
      size: 149
